{
  "name": "devfarm-ios-deploy-agent",
  "requires": true,
  "lockfileVersion": 1,
  "dependencies": {
    "ios-deploy": {
      "version": "1.9.4",
      "resolved": "https://registry.npmjs.org/ios-deploy/-/ios-deploy-1.9.4.tgz",
      "integrity": "sha512-pgyc19zgtwGrfx3GL8yV0c0dAPucTpJ0VZkuS3DcqxIZYC48+UW+tBTxI43u1ZDk17mop0ABLs1SkAy5SUQ6pQ=="
    }
  }
}
